
Microsoft Visual Studio Solution File, Format Version 12.00
# Visual Studio 15
VisualStudioVersion = 15.0.28010.2019
MinimumVisualStudioVersion = 10.0.40219.1
Project("{FAE04EC0-301F-11D3-BF4B-00C04F79EFBC}") = "MVCMusicStoreApplication", "MVCMusicStoreApplication\MVCMusicStoreApplication.csproj", "{993E5B6A-3A71-4C8A-85A2-2FA8BE71DDFA}"
EndProject
Project("{FAE04EC0-301F-11D3-BF4B-00C04F79EFBC}") = "MVCMusicStoreApplication.Tests", "MVCMusicStoreApplication.Tests\MVCMusicStoreApplication.Tests.csproj", "{0BBECC89-E36B-4E4A-9A8B-1FDF6D449753}"
EndProject
Global
	GlobalSection(SolutionConfigurationPlatforms) = preSolution
		Debug|Any CPU = Debug|Any CPU
		Release|Any CPU = Release|Any CPU
	EndGlobalSection
	GlobalSection(ProjectConfigurationPlatforms) = postSolution
		{993E5B6A-3A71-4C8A-85A2-2FA8BE71DDFA}.Debug|Any CPU.ActiveCfg = Debug|Any CPU
		{993E5B6A-3A71-4C8A-85A2-2FA8BE71DDFA}.Debug|Any CPU.Build.0 = Debug|Any CPU
		{993E5B6A-3A71-4C8A-85A2-2FA8BE71DDFA}.Release|Any CPU.ActiveCfg = Release|Any CPU
		{993E5B6A-3A71-4C8A-85A2-2FA8BE71DDFA}.Release|Any CPU.Build.0 = Release|Any CPU
		{0BBECC89-E36B-4E4A-9A8B-1FDF6D449753}.Debug|Any CPU.ActiveCfg = Debug|Any CPU
		{0BBECC89-E36B-4E4A-9A8B-1FDF6D449753}.Debug|Any CPU.Build.0 = Debug|Any CPU
		{0BBECC89-E36B-4E4A-9A8B-1FDF6D449753}.Release|Any CPU.ActiveCfg = Release|Any CPU
		{0BBECC89-E36B-4E4A-9A8B-1FDF6D449753}.Release|Any CPU.Build.0 = Release|Any CPU
	EndGlobalSection
	GlobalSection(SolutionProperties) = preSolution
		HideSolutionNode = FALSE
	EndGlobalSection
	GlobalSection(ExtensibilityGlobals) = postSolution
		SolutionGuid = {01D59756-38EB-4F7C-94D4-4456177FBB5A}
	EndGlobalSection
EndGlobal
