
Microsoft Visual Studio Solution File, Format Version 12.00
# Visual Studio 15
VisualStudioVersion = 15.0.28010.2019
MinimumVisualStudioVersion = 10.0.40219.1
Project("{FAE04EC0-301F-11D3-BF4B-00C04F79EFBC}") = "JQueryTestApplication", "JQueryTestApplication\JQueryTestApplication.csproj", "{660EA176-FD5E-4BA9-8C82-5E05ADBADBEF}"
EndProject
Project("{FAE04EC0-301F-11D3-BF4B-00C04F79EFBC}") = "JQueryTestApplication.Tests", "JQueryTestApplication.Tests\JQueryTestApplication.Tests.csproj", "{2BCA30F2-175B-4E29-A940-5BEEBB7C57D0}"
EndProject
Global
	GlobalSection(SolutionConfigurationPlatforms) = preSolution
		Debug|Any CPU = Debug|Any CPU
		Release|Any CPU = Release|Any CPU
	EndGlobalSection
	GlobalSection(ProjectConfigurationPlatforms) = postSolution
		{660EA176-FD5E-4BA9-8C82-5E05ADBADBEF}.Debug|Any CPU.ActiveCfg = Debug|Any CPU
		{660EA176-FD5E-4BA9-8C82-5E05ADBADBEF}.Debug|Any CPU.Build.0 = Debug|Any CPU
		{660EA176-FD5E-4BA9-8C82-5E05ADBADBEF}.Release|Any CPU.ActiveCfg = Release|Any CPU
		{660EA176-FD5E-4BA9-8C82-5E05ADBADBEF}.Release|Any CPU.Build.0 = Release|Any CPU
		{2BCA30F2-175B-4E29-A940-5BEEBB7C57D0}.Debug|Any CPU.ActiveCfg = Debug|Any CPU
		{2BCA30F2-175B-4E29-A940-5BEEBB7C57D0}.Debug|Any CPU.Build.0 = Debug|Any CPU
		{2BCA30F2-175B-4E29-A940-5BEEBB7C57D0}.Release|Any CPU.ActiveCfg = Release|Any CPU
		{2BCA30F2-175B-4E29-A940-5BEEBB7C57D0}.Release|Any CPU.Build.0 = Release|Any CPU
	EndGlobalSection
	GlobalSection(SolutionProperties) = preSolution
		HideSolutionNode = FALSE
	EndGlobalSection
	GlobalSection(ExtensibilityGlobals) = postSolution
		SolutionGuid = {BF6E1C11-8541-4F02-8DA6-C63A181F75AD}
	EndGlobalSection
EndGlobal
