
Microsoft Visual Studio Solution File, Format Version 12.00
# Visual Studio 15
VisualStudioVersion = 15.0.28010.2019
MinimumVisualStudioVersion = 10.0.40219.1
Project("{FAE04EC0-301F-11D3-BF4B-00C04F79EFBC}") = "MovieStoreFix", "MovieStoreFix\MovieStoreFix.csproj", "{D1BA35B7-C152-48CF-9A07-22907C01B923}"
EndProject
Project("{FAE04EC0-301F-11D3-BF4B-00C04F79EFBC}") = "MovieStoreFix.Tests", "MovieStoreFix.Tests\MovieStoreFix.Tests.csproj", "{42C9753F-DD47-44B3-B6C1-A2E8BCD9BB81}"
EndProject
Global
	GlobalSection(SolutionConfigurationPlatforms) = preSolution
		Debug|Any CPU = Debug|Any CPU
		Release|Any CPU = Release|Any CPU
	EndGlobalSection
	GlobalSection(ProjectConfigurationPlatforms) = postSolution
		{D1BA35B7-C152-48CF-9A07-22907C01B923}.Debug|Any CPU.ActiveCfg = Debug|Any CPU
		{D1BA35B7-C152-48CF-9A07-22907C01B923}.Debug|Any CPU.Build.0 = Debug|Any CPU
		{D1BA35B7-C152-48CF-9A07-22907C01B923}.Release|Any CPU.ActiveCfg = Release|Any CPU
		{D1BA35B7-C152-48CF-9A07-22907C01B923}.Release|Any CPU.Build.0 = Release|Any CPU
		{42C9753F-DD47-44B3-B6C1-A2E8BCD9BB81}.Debug|Any CPU.ActiveCfg = Debug|Any CPU
		{42C9753F-DD47-44B3-B6C1-A2E8BCD9BB81}.Debug|Any CPU.Build.0 = Debug|Any CPU
		{42C9753F-DD47-44B3-B6C1-A2E8BCD9BB81}.Release|Any CPU.ActiveCfg = Release|Any CPU
		{42C9753F-DD47-44B3-B6C1-A2E8BCD9BB81}.Release|Any CPU.Build.0 = Release|Any CPU
	EndGlobalSection
	GlobalSection(SolutionProperties) = preSolution
		HideSolutionNode = FALSE
	EndGlobalSection
	GlobalSection(ExtensibilityGlobals) = postSolution
		SolutionGuid = {F0885C5E-8DC5-48B0-88A6-28F93120BB84}
	EndGlobalSection
EndGlobal
